
Microsoft Visual Studio Solution File, Format Version 12.00
# Visual Studio Version 17
VisualStudioVersion = 17.7.34202.233
MinimumVisualStudioVersion = 10.0.40219.1
Project("{9A19103F-16F7-4668-BE54-9A1E7A4F7556}") = "FamilyTree", "FamilyTree\FamilyTree.csproj", "{01EBE660-CFF1-429E-BFB3-DD8C88CF7D0C}"
EndProject
Project("{9A19103F-16F7-4668-BE54-9A1E7A4F7556}") = "HW_2", "HW_2\HW_2.csproj", "{4DFCAD1B-3977-47E8-A8B3-7DD1D6435C02}"
EndProject
Project("{FAE04EC0-301F-11D3-BF4B-00C04F79EFBC}") = "HW_4", "HW_4\HW_4.csproj", "{B1399914-3C0F-4DD1-8A35-EFB9A203CFC5}"
EndProject
Global
	GlobalSection(SolutionConfigurationPlatforms) = preSolution
		Debug|Any CPU = Debug|Any CPU
		Release|Any CPU = Release|Any CPU
	EndGlobalSection
	GlobalSection(ProjectConfigurationPlatforms) = postSolution
		{01EBE660-CFF1-429E-BFB3-DD8C88CF7D0C}.Debug|Any CPU.ActiveCfg = Debug|Any CPU
		{01EBE660-CFF1-429E-BFB3-DD8C88CF7D0C}.Debug|Any CPU.Build.0 = Debug|Any CPU
		{01EBE660-CFF1-429E-BFB3-DD8C88CF7D0C}.Release|Any CPU.ActiveCfg = Release|Any CPU
		{01EBE660-CFF1-429E-BFB3-DD8C88CF7D0C}.Release|Any CPU.Build.0 = Release|Any CPU
		{4DFCAD1B-3977-47E8-A8B3-7DD1D6435C02}.Debug|Any CPU.ActiveCfg = Debug|Any CPU
		{4DFCAD1B-3977-47E8-A8B3-7DD1D6435C02}.Debug|Any CPU.Build.0 = Debug|Any CPU
		{4DFCAD1B-3977-47E8-A8B3-7DD1D6435C02}.Release|Any CPU.ActiveCfg = Release|Any CPU
		{4DFCAD1B-3977-47E8-A8B3-7DD1D6435C02}.Release|Any CPU.Build.0 = Release|Any CPU
		{B1399914-3C0F-4DD1-8A35-EFB9A203CFC5}.Debug|Any CPU.ActiveCfg = Debug|Any CPU
		{B1399914-3C0F-4DD1-8A35-EFB9A203CFC5}.Debug|Any CPU.Build.0 = Debug|Any CPU
		{B1399914-3C0F-4DD1-8A35-EFB9A203CFC5}.Release|Any CPU.ActiveCfg = Release|Any CPU
		{B1399914-3C0F-4DD1-8A35-EFB9A203CFC5}.Release|Any CPU.Build.0 = Release|Any CPU
	EndGlobalSection
	GlobalSection(SolutionProperties) = preSolution
		HideSolutionNode = FALSE
	EndGlobalSection
	GlobalSection(ExtensibilityGlobals) = postSolution
		SolutionGuid = {1F1036F5-7219-4BD3-BEF6-E52137D02FAF}
	EndGlobalSection
EndGlobal
